
Microsoft Visual Studio Solution File, Format Version 12.00
# Visual Studio Version 17
VisualStudioVersion = 17.7.34024.191
MinimumVisualStudioVersion = 10.0.40219.1
Project("{FAE04EC0-301F-11D3-BF4B-00C04F79EFBC}") = "Blockbuster Lab", "Blockbuster Lab\Blockbuster Lab.csproj", "{84BC75CF-9D58-4066-97E2-ACF6773A2B9D}"
EndProject
Global
	GlobalSection(SolutionConfigurationPlatforms) = preSolution
		Debug|Any CPU = Debug|Any CPU
		Release|Any CPU = Release|Any CPU
	EndGlobalSection
	GlobalSection(ProjectConfigurationPlatforms) = postSolution
		{84BC75CF-9D58-4066-97E2-ACF6773A2B9D}.Debug|Any CPU.ActiveCfg = Debug|Any CPU
		{84BC75CF-9D58-4066-97E2-ACF6773A2B9D}.Debug|Any CPU.Build.0 = Debug|Any CPU
		{84BC75CF-9D58-4066-97E2-ACF6773A2B9D}.Release|Any CPU.ActiveCfg = Release|Any CPU
		{84BC75CF-9D58-4066-97E2-ACF6773A2B9D}.Release|Any CPU.Build.0 = Release|Any CPU
	EndGlobalSection
	GlobalSection(SolutionProperties) = preSolution
		HideSolutionNode = FALSE
	EndGlobalSection
	GlobalSection(ExtensibilityGlobals) = postSolution
		SolutionGuid = {8C5A4F9A-50FD-4743-A8FC-F96811B3FB18}
	EndGlobalSection
EndGlobal
